
Microsoft Visual Studio Solution File, Format Version 12.00
# Visual Studio Version 17
VisualStudioVersion = 17.10.34928.147
MinimumVisualStudioVersion = 10.0.40219.1
Project("{9A19103F-16F7-4668-BE54-9A1E7A4F7556}") = "UrlShortener", "UrlShortener.csproj", "{140EA26D-0716-46BF-8EA4-9DD48149B858}"
EndProject
Global
	GlobalSection(SolutionConfigurationPlatforms) = preSolution
		Debug|Any CPU = Debug|Any CPU
		Release|Any CPU = Release|Any CPU
	EndGlobalSection
	GlobalSection(ProjectConfigurationPlatforms) = postSolution
		{140EA26D-0716-46BF-8EA4-9DD48149B858}.Debug|Any CPU.ActiveCfg = Debug|Any CPU
		{140EA26D-0716-46BF-8EA4-9DD48149B858}.Debug|Any CPU.Build.0 = Debug|Any CPU
		{140EA26D-0716-46BF-8EA4-9DD48149B858}.Release|Any CPU.ActiveCfg = Release|Any CPU
		{140EA26D-0716-46BF-8EA4-9DD48149B858}.Release|Any CPU.Build.0 = Release|Any CPU
	EndGlobalSection
	GlobalSection(SolutionProperties) = preSolution
		HideSolutionNode = FALSE
	EndGlobalSection
	GlobalSection(ExtensibilityGlobals) = postSolution
		SolutionGuid = {D244E241-495B-4152-B8BB-642983E68CB1}
	EndGlobalSection
EndGlobal
